{
  "name": "bruno-test-s10",
  "version": "1.0.0",
  "lockfileVersion": 3,
  "requires": true,
  "packages": {
    "": {
      "name": "bruno-test-s10",
      "version": "1.0.0",
      "dependencies": {
        "@faker-js/faker": "^9.1.0",
        "chance": "^1.1.12"
      }
    },
    "node_modules/@faker-js/faker": {
      "version": "9.1.0",
      "resolved": "https://registry.npmjs.org/@faker-js/faker/-/faker-9.1.0.tgz",
      "integrity": "sha512-GJvX9iM9PBtKScJVlXQ0tWpihK3i0pha/XAhzQa1hPK/ILLa1Wq3I63Ij7lRtqTwmdTxRCyrUhLC5Sly9SLbug==",
      "funding": [
        {
          "type": "opencollective",
          "url": "https://opencollective.com/fakerjs"
        }
      ],
      "license": "MIT",
      "engines": {
        "node": ">=18.0.0",
        "npm": ">=9.0.0"
      }
    },
    "node_modules/chance": {
      "version": "1.1.12",
      "resolved": "https://registry.npmjs.org/chance/-/chance-1.1.12.tgz",
      "integrity": "sha512-vVBIGQVnwtUG+SYe0ge+3MvF78cvSpuCOEUJr7sVEk2vSBuMW6OXNJjSzdtzrlxNUEaoqH2GBd5Y/+18BEB01Q==",
      "license": "MIT"
    }
  }
}
